{
  "originHash" : "899aca338e842fa013f601def77826d9c7f7f2c595a50b3294a62802d9a35c97",
  "pins" : [
    {
      "identity" : "alamofire",
      "kind" : "remoteSourceControl",
      "location" : "https://github.com/Alamofire/Alamofire.git",
      "state" : {
        "revision" : "bda9ed57d72988a3a2ada33d824583541f86eac6",
        "version" : "5.12.2"
      }
    }
  ],
  "version" : 3
}
